
Microsoft Visual Studio Solution File, Format Version 12.00
# Visual Studio 2012
Project("{FAE04EC0-301F-11D3-BF4B-00C04F79EFBC}") = "PIMWebAPI", "PIMWebAPI\PIMWebAPI.csproj", "{C52B9A4C-E462-4946-BD2B-632E16969B85}"
EndProject
Global
	GlobalSection(TeamFoundationVersionControl) = preSolution
		SccNumberOfProjects = 2
		SccEnterpriseProvider = {4CA58AB2-18FA-4F8D-95D4-32DDF27D184C}
		SccTeamFoundationServer = http://sql11:8080/tfs/project%20collection
		SccLocalPath0 = .
		SccProjectUniqueName1 = PIMWebAPI\\PIMWebAPI.csproj
		SccProjectName1 = PIMWebAPI
		SccLocalPath1 = PIMWebAPI
	EndGlobalSection
	GlobalSection(SolutionConfigurationPlatforms) = preSolution
		Debug|Any CPU = Debug|Any CPU
		Release|Any CPU = Release|Any CPU
	EndGlobalSection
	GlobalSection(ProjectConfigurationPlatforms) = postSolution
		{C52B9A4C-E462-4946-BD2B-632E16969B85}.Debug|Any CPU.ActiveCfg = Debug|Any CPU
		{C52B9A4C-E462-4946-BD2B-632E16969B85}.Debug|Any CPU.Build.0 = Debug|Any CPU
		{C52B9A4C-E462-4946-BD2B-632E16969B85}.Release|Any CPU.ActiveCfg = Release|Any CPU
		{C52B9A4C-E462-4946-BD2B-632E16969B85}.Release|Any CPU.Build.0 = Release|Any CPU
	EndGlobalSection
	GlobalSection(SolutionProperties) = preSolution
		HideSolutionNode = FALSE
	EndGlobalSection
EndGlobal
