Microsoft Visual Studio Solution File, Format Version 8.00
Project("{FAE04EC0-301F-11D3-BF4B-00C04F79EFBC}") = "UniDataSet", "UniDataSet.csproj", "{32AFF0D9-3E95-4CF2-9D9E-126D73713565}"
	ProjectSection(ProjectDependencies) = postProject
	EndProjectSection
EndProject
Global
	GlobalSection(SolutionConfiguration) = preSolution
		Debug = Debug
		Release = Release
	EndGlobalSection
	GlobalSection(ProjectConfiguration) = postSolution
		{32AFF0D9-3E95-4CF2-9D9E-126D73713565}.Debug.ActiveCfg = Debug|.NET
		{32AFF0D9-3E95-4CF2-9D9E-126D73713565}.Debug.Build.0 = Debug|.NET
		{32AFF0D9-3E95-4CF2-9D9E-126D73713565}.Release.ActiveCfg = Release|.NET
		{32AFF0D9-3E95-4CF2-9D9E-126D73713565}.Release.Build.0 = Release|.NET
	EndGlobalSection
	GlobalSection(ExtensibilityGlobals) = postSolution
	EndGlobalSection
	GlobalSection(ExtensibilityAddIns) = postSolution
	EndGlobalSection
EndGlobal
