Microsoft Visual Studio Solution File, Format Version 8.00
Project("{FAE04EC0-301F-11D3-BF4B-00C04F79EFBC}") = "UniCommand", "UniCommand.csproj", "{CB5D0771-4884-4288-B4FD-028DF99D072E}"
	ProjectSection(ProjectDependencies) = postProject
	EndProjectSection
EndProject
Global
	GlobalSection(SolutionConfiguration) = preSolution
		Debug = Debug
		Release = Release
	EndGlobalSection
	GlobalSection(ProjectConfiguration) = postSolution
		{CB5D0771-4884-4288-B4FD-028DF99D072E}.Debug.ActiveCfg = Debug|.NET
		{CB5D0771-4884-4288-B4FD-028DF99D072E}.Debug.Build.0 = Debug|.NET
		{CB5D0771-4884-4288-B4FD-028DF99D072E}.Release.ActiveCfg = Release|.NET
		{CB5D0771-4884-4288-B4FD-028DF99D072E}.Release.Build.0 = Release|.NET
	EndGlobalSection
	GlobalSection(ExtensibilityGlobals) = postSolution
	EndGlobalSection
	GlobalSection(ExtensibilityAddIns) = postSolution
	EndGlobalSection
EndGlobal
