Microsoft Visual Studio Solution File, Format Version 8.00
Project("{FAE04EC0-301F-11D3-BF4B-00C04F79EFBC}") = "UniDynArray", "UniDynArray.csproj", "{5043869B-A1E6-48D7-958A-A7F23E6DE813}"
	ProjectSection(ProjectDependencies) = postProject
	EndProjectSection
EndProject
Global
	GlobalSection(SolutionConfiguration) = preSolution
		Debug = Debug
		Release = Release
	EndGlobalSection
	GlobalSection(ProjectConfiguration) = postSolution
		{5043869B-A1E6-48D7-958A-A7F23E6DE813}.Debug.ActiveCfg = Debug|.NET
		{5043869B-A1E6-48D7-958A-A7F23E6DE813}.Debug.Build.0 = Debug|.NET
		{5043869B-A1E6-48D7-958A-A7F23E6DE813}.Release.ActiveCfg = Release|.NET
		{5043869B-A1E6-48D7-958A-A7F23E6DE813}.Release.Build.0 = Release|.NET
	EndGlobalSection
	GlobalSection(ExtensibilityGlobals) = postSolution
	EndGlobalSection
	GlobalSection(ExtensibilityAddIns) = postSolution
	EndGlobalSection
EndGlobal
